
Microsoft Visual Studio Solution File, Format Version 12.00
# Visual Studio Version 16
VisualStudioVersion = 16.0.31729.503
MinimumVisualStudioVersion = 10.0.40219.1
Project("{9A19103F-16F7-4668-BE54-9A1E7A4F7556}") = "CarShop.FrontEnd", "CarShop.FrontEnd\CarShop.FrontEnd.csproj", "{BD7BD4DD-44A4-4268-92D4-F02AD2F5D06D}"
EndProject
Project("{9A19103F-16F7-4668-BE54-9A1E7A4F7556}") = "CarShop.Library", "CarShop.Library\CarShop.Library.csproj", "{A51C8A02-A369-46AB-AB59-A3DD11CD80DB}"
EndProject
Global
	GlobalSection(SolutionConfigurationPlatforms) = preSolution
		Debug|Any CPU = Debug|Any CPU
		Release|Any CPU = Release|Any CPU
	EndGlobalSection
	GlobalSection(ProjectConfigurationPlatforms) = postSolution
		{BD7BD4DD-44A4-4268-92D4-F02AD2F5D06D}.Debug|Any CPU.ActiveCfg = Debug|Any CPU
		{BD7BD4DD-44A4-4268-92D4-F02AD2F5D06D}.Debug|Any CPU.Build.0 = Debug|Any CPU
		{BD7BD4DD-44A4-4268-92D4-F02AD2F5D06D}.Release|Any CPU.ActiveCfg = Release|Any CPU
		{BD7BD4DD-44A4-4268-92D4-F02AD2F5D06D}.Release|Any CPU.Build.0 = Release|Any CPU
		{A51C8A02-A369-46AB-AB59-A3DD11CD80DB}.Debug|Any CPU.ActiveCfg = Debug|Any CPU
		{A51C8A02-A369-46AB-AB59-A3DD11CD80DB}.Debug|Any CPU.Build.0 = Debug|Any CPU
		{A51C8A02-A369-46AB-AB59-A3DD11CD80DB}.Release|Any CPU.ActiveCfg = Release|Any CPU
		{A51C8A02-A369-46AB-AB59-A3DD11CD80DB}.Release|Any CPU.Build.0 = Release|Any CPU
	EndGlobalSection
	GlobalSection(SolutionProperties) = preSolution
		HideSolutionNode = FALSE
	EndGlobalSection
	GlobalSection(ExtensibilityGlobals) = postSolution
		SolutionGuid = {73B0040D-D2FD-4BDF-B9AF-8A94FE9F59FA}
	EndGlobalSection
EndGlobal
